
Microsoft Visual Studio Solution File, Format Version 12.00
# Visual Studio Version 16
VisualStudioVersion = 16.0.29306.81
MinimumVisualStudioVersion = 10.0.40219.1
Project("{FAE04EC0-301F-11D3-BF4B-00C04F79EFBC}") = "Server Chat - Nada Aldubaie", "Server Chat - Nada Aldubaie\Server Chat - Nada Aldubaie.csproj", "{262CEDB9-2750-4402-8E9E-05245E1B4968}"
EndProject
Global
	GlobalSection(SolutionConfigurationPlatforms) = preSolution
		Debug|Any CPU = Debug|Any CPU
		Release|Any CPU = Release|Any CPU
	EndGlobalSection
	GlobalSection(ProjectConfigurationPlatforms) = postSolution
		{262CEDB9-2750-4402-8E9E-05245E1B4968}.Debug|Any CPU.ActiveCfg = Debug|Any CPU
		{262CEDB9-2750-4402-8E9E-05245E1B4968}.Debug|Any CPU.Build.0 = Debug|Any CPU
		{262CEDB9-2750-4402-8E9E-05245E1B4968}.Release|Any CPU.ActiveCfg = Release|Any CPU
		{262CEDB9-2750-4402-8E9E-05245E1B4968}.Release|Any CPU.Build.0 = Release|Any CPU
	EndGlobalSection
	GlobalSection(SolutionProperties) = preSolution
		HideSolutionNode = FALSE
	EndGlobalSection
	GlobalSection(ExtensibilityGlobals) = postSolution
		SolutionGuid = {A80496AC-A1F3-4E92-BA73-53A0D33D2EC4}
	EndGlobalSection
EndGlobal
